
Microsoft Visual Studio Solution File, Format Version 12.00
# Visual Studio Version 16
VisualStudioVersion = 16.0.32002.261
MinimumVisualStudioVersion = 10.0.40219.1
Project("{FAE04EC0-301F-11D3-BF4B-00C04F79EFBC}") = "Mission6", "Mission6\Mission6.csproj", "{C5D69F05-EBA6-4962-9582-F4FD76D7F9AA}"
EndProject
Global
	GlobalSection(SolutionConfigurationPlatforms) = preSolution
		Debug|Any CPU = Debug|Any CPU
		Release|Any CPU = Release|Any CPU
	EndGlobalSection
	GlobalSection(ProjectConfigurationPlatforms) = postSolution
		{C5D69F05-EBA6-4962-9582-F4FD76D7F9AA}.Debug|Any CPU.ActiveCfg = Debug|Any CPU
		{C5D69F05-EBA6-4962-9582-F4FD76D7F9AA}.Debug|Any CPU.Build.0 = Debug|Any CPU
		{C5D69F05-EBA6-4962-9582-F4FD76D7F9AA}.Release|Any CPU.ActiveCfg = Release|Any CPU
		{C5D69F05-EBA6-4962-9582-F4FD76D7F9AA}.Release|Any CPU.Build.0 = Release|Any CPU
	EndGlobalSection
	GlobalSection(SolutionProperties) = preSolution
		HideSolutionNode = FALSE
	EndGlobalSection
	GlobalSection(ExtensibilityGlobals) = postSolution
		SolutionGuid = {9EDBF1D8-E1C8-4A9A-94E5-8283D29821FA}
	EndGlobalSection
EndGlobal
